{
  "name": "cbor-test-node-nachos",
  "version": "1.0.0",
  "lockfileVersion": 3,
  "requires": true,
  "packages": {
    "": {
      "name": "cbor-test-node-nachos",
      "version": "1.0.0",
      "dependencies": {
        "@marcuspuchalla/nachos": "^0.3.0"
      }
    },
    "node_modules/@marcuspuchalla/nachos": {
      "version": "0.3.0",
      "resolved": "https://registry.npmjs.org/@marcuspuchalla/nachos/-/nachos-0.3.0.tgz",
      "integrity": "sha512-mKTnoKcyPTdqrd+OlEPYy+HaErgGO6fFVZAP1BgbiBYEzH3SIZ70yU6xup+0cb7WGFpkEs6aFDLtwBLmvU9thQ==",
      "license": "GPL-3.0",
      "engines": {
        "node": ">=18.0.0"
      }
    }
  }
}
