{
  "name": "cbor-test-node-nachos",
  "version": "1.0.0",
  "lockfileVersion": 2,
  "requires": true,
  "packages": {
    "": {
      "name": "cbor-test-node-nachos",
      "version": "1.0.0",
      "dependencies": {
        "@marcuspuchalla/nachos": "0.1.0"
      }
    },
    "node_modules/@marcuspuchalla/nachos": {
      "version": "0.1.0",
      "resolved": "https://registry.npmjs.org/@marcuspuchalla/nachos/-/nachos-0.1.0.tgz",
      "integrity": "sha512-q+1Zf+DTWJxUcYjnsME/s/jdxZUa/rsU5of1rTUDBYgMJdKieAUEuFtMf4Q3ZK1UbIAHQJG2IvRZVSgweocfNQ==",
      "engines": {
        "node": ">=18.0.0"
      }
    }
  },
  "dependencies": {
    "@marcuspuchalla/nachos": {
      "version": "0.1.0",
      "resolved": "https://registry.npmjs.org/@marcuspuchalla/nachos/-/nachos-0.1.0.tgz",
      "integrity": "sha512-q+1Zf+DTWJxUcYjnsME/s/jdxZUa/rsU5of1rTUDBYgMJdKieAUEuFtMf4Q3ZK1UbIAHQJG2IvRZVSgweocfNQ=="
    }
  }
}
