{
  "name": "cbor-test-node-cbor-sync",
  "version": "1.0.0",
  "lockfileVersion": 2,
  "requires": true,
  "packages": {
    "": {
      "name": "cbor-test-node-cbor-sync",
      "version": "1.0.0",
      "dependencies": {
        "cbor-sync": "1.0.4"
      }
    },
    "node_modules/cbor-sync": {
      "version": "1.0.4",
      "resolved": "https://registry.npmjs.org/cbor-sync/-/cbor-sync-1.0.4.tgz",
      "integrity": "sha512-GWlXN4wiz0vdWWXBU71Dvc1q3aBo0HytqwAZnXF1wOwjqNnDWA1vZ1gDMFLlqohak31VQzmhiYfiCX5QSSfagA=="
    }
  },
  "dependencies": {
    "cbor-sync": {
      "version": "1.0.4",
      "resolved": "https://registry.npmjs.org/cbor-sync/-/cbor-sync-1.0.4.tgz",
      "integrity": "sha512-GWlXN4wiz0vdWWXBU71Dvc1q3aBo0HytqwAZnXF1wOwjqNnDWA1vZ1gDMFLlqohak31VQzmhiYfiCX5QSSfagA=="
    }
  }
}
