{
  "name": "cbor-test-node-cborg",
  "version": "1.0.0",
  "lockfileVersion": 2,
  "requires": true,
  "packages": {
    "": {
      "name": "cbor-test-node-cborg",
      "version": "1.0.0",
      "dependencies": {
        "cborg": "4.2.18"
      }
    },
    "node_modules/cborg": {
      "version": "4.2.18",
      "resolved": "https://registry.npmjs.org/cborg/-/cborg-4.2.18.tgz",
      "integrity": "sha512-uzhkd5HOaLccokqeZa5B0Qz7/aa9C12pmUq5yU3vcy6I6OhTKdPHSzOuBPZfcoQHdcx8Emz/dWZbPNNfF/puvg==",
      "bin": {
        "cborg": "lib/bin.js"
      }
    }
  },
  "dependencies": {
    "cborg": {
      "version": "4.2.18",
      "resolved": "https://registry.npmjs.org/cborg/-/cborg-4.2.18.tgz",
      "integrity": "sha512-uzhkd5HOaLccokqeZa5B0Qz7/aa9C12pmUq5yU3vcy6I6OhTKdPHSzOuBPZfcoQHdcx8Emz/dWZbPNNfF/puvg=="
    }
  }
}
