{
  "name": "cbor-test-node-dag-cbor",
  "version": "1.0.0",
  "lockfileVersion": 2,
  "requires": true,
  "packages": {
    "": {
      "name": "cbor-test-node-dag-cbor",
      "version": "1.0.0",
      "dependencies": {
        "@ipld/dag-cbor": "9.2.5"
      }
    },
    "node_modules/@ipld/dag-cbor": {
      "version": "9.2.5",
      "resolved": "https://registry.npmjs.org/@ipld/dag-cbor/-/dag-cbor-9.2.5.tgz",
      "integrity": "sha512-84wSr4jv30biui7endhobYhXBQzQE4c/wdoWlFrKcfiwH+ofaPg8fwsM8okX9cOzkkrsAsNdDyH3ou+kiLquwQ==",
      "dependencies": {
        "cborg": "^4.0.0",
        "multiformats": "^13.1.0"
      },
      "engines": {
        "node": ">=16.0.0",
        "npm": ">=7.0.0"
      }
    },
    "node_modules/cborg": {
      "version": "4.3.2",
      "resolved": "https://registry.npmjs.org/cborg/-/cborg-4.3.2.tgz",
      "integrity": "sha512-l+QzebEAG0vb09YKkaOrMi2zmm80UNjmbvocMIeW5hO7JOXWdrQ/H49yOKfYX0MBgrj/KWgatBnEgRXyNyKD+A==",
      "bin": {
        "cborg": "lib/bin.js"
      }
    },
    "node_modules/multiformats": {
      "version": "13.4.2",
      "resolved": "https://registry.npmjs.org/multiformats/-/multiformats-13.4.2.tgz",
      "integrity": "sha512-eh6eHCrRi1+POZ3dA+Dq1C6jhP1GNtr9CRINMb67OKzqW9I5DUuZM/3jLPlzhgpGeiNUlEGEbkCYChXMCc/8DQ=="
    }
  },
  "dependencies": {
    "@ipld/dag-cbor": {
      "version": "9.2.5",
      "resolved": "https://registry.npmjs.org/@ipld/dag-cbor/-/dag-cbor-9.2.5.tgz",
      "integrity": "sha512-84wSr4jv30biui7endhobYhXBQzQE4c/wdoWlFrKcfiwH+ofaPg8fwsM8okX9cOzkkrsAsNdDyH3ou+kiLquwQ==",
      "requires": {
        "cborg": "^4.0.0",
        "multiformats": "^13.1.0"
      }
    },
    "cborg": {
      "version": "4.3.2",
      "resolved": "https://registry.npmjs.org/cborg/-/cborg-4.3.2.tgz",
      "integrity": "sha512-l+QzebEAG0vb09YKkaOrMi2zmm80UNjmbvocMIeW5hO7JOXWdrQ/H49yOKfYX0MBgrj/KWgatBnEgRXyNyKD+A=="
    },
    "multiformats": {
      "version": "13.4.2",
      "resolved": "https://registry.npmjs.org/multiformats/-/multiformats-13.4.2.tgz",
      "integrity": "sha512-eh6eHCrRi1+POZ3dA+Dq1C6jhP1GNtr9CRINMb67OKzqW9I5DUuZM/3jLPlzhgpGeiNUlEGEbkCYChXMCc/8DQ=="
    }
  }
}
